
Microsoft Visual Studio Solution File, Format Version 12.00
# Visual Studio 15
VisualStudioVersion = 15.0.28307.421
MinimumVisualStudioVersion = 10.0.40219.1
Project("{FAE04EC0-301F-11D3-BF4B-00C04F79EFBC}") = "WindowsFormsApp1", "WindowsFormsApp1.csproj", "{A512EA54-47E2-4403-9E30-48B84D738CA0}"
EndProject
Global
	GlobalSection(SolutionConfigurationPlatforms) = preSolution
		Debug|Any CPU = Debug|Any CPU
		Release|Any CPU = Release|Any CPU
	EndGlobalSection
	GlobalSection(ProjectConfigurationPlatforms) = postSolution
		{A512EA54-47E2-4403-9E30-48B84D738CA0}.Debug|Any CPU.ActiveCfg = Debug|Any CPU
		{A512EA54-47E2-4403-9E30-48B84D738CA0}.Debug|Any CPU.Build.0 = Debug|Any CPU
		{A512EA54-47E2-4403-9E30-48B84D738CA0}.Release|Any CPU.ActiveCfg = Release|Any CPU
		{A512EA54-47E2-4403-9E30-48B84D738CA0}.Release|Any CPU.Build.0 = Release|Any CPU
	EndGlobalSection
	GlobalSection(SolutionProperties) = preSolution
		HideSolutionNode = FALSE
	EndGlobalSection
	GlobalSection(ExtensibilityGlobals) = postSolution
		SolutionGuid = {EDAE17DE-D44E-4B3E-8D04-5F81FAA10DD1}
	EndGlobalSection
EndGlobal
